# Generated by pub
# See https://dart.dev/tools/pub/glossary#lockfile
packages:
  lints:
    dependency: "direct dev"
    description:
      name: lints
      sha256: "5e4a9cd06d447758280a8ac2405101e0e2094d2a1dbdd3756aec3fe7775ba593"
      url: "https://pub.dev"
    source: hosted
    version: "2.0.1"
  ninja_prime:
    dependency: "direct main"
    description:
      name: ninja_prime
      sha256: "47074594d59518c665c50ecca3e0b5baa411bea1d238a3c93c83fbde90c0c3ad"
      url: "https://pub.dev"
    source: hosted
    version: "2.0.0"
sdks:
  dart: ">=2.19.4 <3.0.0"
